{
  "name": "untitled",
  "lockfileVersion": 2,
  "requires": true,
  "packages": {
    "": {
      "dependencies": {
        "babylonjs": "^7.1.0"
      }
    },
    "node_modules/babylonjs": {
      "version": "7.1.0",
      "resolved": "https://registry.npmjs.org/babylonjs/-/babylonjs-7.1.0.tgz",
      "integrity": "sha512-/7RmZO3GYvfba7znIuniCSrTucIExsiE+ulT52bkqVU7BKzhG3mk1WylkxCD8ks9zqcepYsJLKUOh7ohtoJYPA==",
      "hasInstallScript": true
    }
  },
  "dependencies": {
    "babylonjs": {
      "version": "7.1.0",
      "resolved": "https://registry.npmjs.org/babylonjs/-/babylonjs-7.1.0.tgz",
      "integrity": "sha512-/7RmZO3GYvfba7znIuniCSrTucIExsiE+ulT52bkqVU7BKzhG3mk1WylkxCD8ks9zqcepYsJLKUOh7ohtoJYPA=="
    }
  }
}
